
Microsoft Visual Studio Solution File, Format Version 12.00
# Visual Studio 2013
VisualStudioVersion = 12.0.21005.1
MinimumVisualStudioVersion = 10.0.40219.1
Project("{2150E333-8FDC-42A3-9474-1A3956D46DE8}") = "Solution Items", "Solution Items", "{1D63ACA5-1A3C-41C5-AA17-A34AD0DD9DA3}"
	ProjectSection(SolutionItems) = preProject
		..\CREDITS.txt = ..\CREDITS.txt
		..\LICENSE.txt = ..\LICENSE.txt
		NuGet.config = NuGet.config
		..\README.md = ..\README.md
		Settings.StyleCop = Settings.StyleCop
	EndProjectSection
EndProject
Project("{FAE04EC0-301F-11D3-BF4B-00C04F79EFBC}") = "Web", "Web\Web.csproj", "{E9A8D3B5-0525-416A-BC5F-07B7B373397F}"
EndProject
Project("{FAE04EC0-301F-11D3-BF4B-00C04F79EFBC}") = "Web.Tests", "Web.Tests\Web.Tests.csproj", "{DC3FB3E8-7B59-4741-8912-DF4966B9E392}"
EndProject
Global
	GlobalSection(SolutionConfigurationPlatforms) = preSolution
		Debug|Any CPU = Debug|Any CPU
		Release|Any CPU = Release|Any CPU
	EndGlobalSection
	GlobalSection(ProjectConfigurationPlatforms) = postSolution
		{E9A8D3B5-0525-416A-BC5F-07B7B373397F}.Debug|Any CPU.ActiveCfg = Debug|Any CPU
		{E9A8D3B5-0525-416A-BC5F-07B7B373397F}.Debug|Any CPU.Build.0 = Debug|Any CPU
		{E9A8D3B5-0525-416A-BC5F-07B7B373397F}.Release|Any CPU.ActiveCfg = Release|Any CPU
		{E9A8D3B5-0525-416A-BC5F-07B7B373397F}.Release|Any CPU.Build.0 = Release|Any CPU
		{DC3FB3E8-7B59-4741-8912-DF4966B9E392}.Debug|Any CPU.ActiveCfg = Debug|Any CPU
		{DC3FB3E8-7B59-4741-8912-DF4966B9E392}.Debug|Any CPU.Build.0 = Debug|Any CPU
		{DC3FB3E8-7B59-4741-8912-DF4966B9E392}.Release|Any CPU.ActiveCfg = Release|Any CPU
		{DC3FB3E8-7B59-4741-8912-DF4966B9E392}.Release|Any CPU.Build.0 = Release|Any CPU
	EndGlobalSection
	GlobalSection(SolutionProperties) = preSolution
		HideSolutionNode = FALSE
	EndGlobalSection
EndGlobal
